
Microsoft Visual Studio Solution File, Format Version 12.00
# Visual Studio 15
VisualStudioVersion = 15.0.28307.329
MinimumVisualStudioVersion = 10.0.40219.1
Project("{FAE04EC0-301F-11D3-BF4B-00C04F79EFBC}") = "CubeBot", "CubeBot\CubeBot.csproj", "{8189E198-A7E9-40F6-B163-C30E75397C4B}"
EndProject
Global
	GlobalSection(SolutionConfigurationPlatforms) = preSolution
		Debug|Any CPU = Debug|Any CPU
		Release|Any CPU = Release|Any CPU
	EndGlobalSection
	GlobalSection(ProjectConfigurationPlatforms) = postSolution
		{8189E198-A7E9-40F6-B163-C30E75397C4B}.Debug|Any CPU.ActiveCfg = Debug|Any CPU
		{8189E198-A7E9-40F6-B163-C30E75397C4B}.Debug|Any CPU.Build.0 = Debug|Any CPU
		{8189E198-A7E9-40F6-B163-C30E75397C4B}.Release|Any CPU.ActiveCfg = Release|Any CPU
		{8189E198-A7E9-40F6-B163-C30E75397C4B}.Release|Any CPU.Build.0 = Release|Any CPU
	EndGlobalSection
	GlobalSection(SolutionProperties) = preSolution
		HideSolutionNode = FALSE
	EndGlobalSection
	GlobalSection(ExtensibilityGlobals) = postSolution
		SolutionGuid = {E686007A-EB51-4AB0-91BB-1B649DAA9342}
	EndGlobalSection
EndGlobal
